
Microsoft Visual Studio Solution File, Format Version 12.00
# Visual Studio Version 16
VisualStudioVersion = 16.0.29613.14
MinimumVisualStudioVersion = 10.0.40219.1
Project("{9A19103F-16F7-4668-BE54-9A1E7A4F7556}") = "XEF2MAT_Core", "XEF2MAT_Core\XEF2MAT_Core.csproj", "{B2B8ABF4-A29C-4537-A452-6682BE476ED1}"
EndProject
Project("{9A19103F-16F7-4668-BE54-9A1E7A4F7556}") = "XEF2MAT_UI", "XEF2MAT_UI\XEF2MAT_UI.csproj", "{F1A79F61-ADB8-43DE-9E15-6225F3F84FAD}"
EndProject
Global
	GlobalSection(SolutionConfigurationPlatforms) = preSolution
		Debug|Any CPU = Debug|Any CPU
		Debug|x64 = Debug|x64
		Release|Any CPU = Release|Any CPU
		Release|x64 = Release|x64
	EndGlobalSection
	GlobalSection(ProjectConfigurationPlatforms) = postSolution
		{B2B8ABF4-A29C-4537-A452-6682BE476ED1}.Debug|Any CPU.ActiveCfg = Debug|Any CPU
		{B2B8ABF4-A29C-4537-A452-6682BE476ED1}.Debug|Any CPU.Build.0 = Debug|Any CPU
		{B2B8ABF4-A29C-4537-A452-6682BE476ED1}.Debug|x64.ActiveCfg = Debug|Any CPU
		{B2B8ABF4-A29C-4537-A452-6682BE476ED1}.Debug|x64.Build.0 = Debug|Any CPU
		{B2B8ABF4-A29C-4537-A452-6682BE476ED1}.Release|Any CPU.ActiveCfg = Release|Any CPU
		{B2B8ABF4-A29C-4537-A452-6682BE476ED1}.Release|Any CPU.Build.0 = Release|Any CPU
		{B2B8ABF4-A29C-4537-A452-6682BE476ED1}.Release|x64.ActiveCfg = Release|Any CPU
		{B2B8ABF4-A29C-4537-A452-6682BE476ED1}.Release|x64.Build.0 = Release|Any CPU
		{F1A79F61-ADB8-43DE-9E15-6225F3F84FAD}.Debug|Any CPU.ActiveCfg = Debug|Any CPU
		{F1A79F61-ADB8-43DE-9E15-6225F3F84FAD}.Debug|Any CPU.Build.0 = Debug|Any CPU
		{F1A79F61-ADB8-43DE-9E15-6225F3F84FAD}.Debug|x64.ActiveCfg = Debug|Any CPU
		{F1A79F61-ADB8-43DE-9E15-6225F3F84FAD}.Debug|x64.Build.0 = Debug|Any CPU
		{F1A79F61-ADB8-43DE-9E15-6225F3F84FAD}.Release|Any CPU.ActiveCfg = Release|Any CPU
		{F1A79F61-ADB8-43DE-9E15-6225F3F84FAD}.Release|Any CPU.Build.0 = Release|Any CPU
		{F1A79F61-ADB8-43DE-9E15-6225F3F84FAD}.Release|x64.ActiveCfg = Release|Any CPU
		{F1A79F61-ADB8-43DE-9E15-6225F3F84FAD}.Release|x64.Build.0 = Release|Any CPU
	EndGlobalSection
	GlobalSection(SolutionProperties) = preSolution
		HideSolutionNode = FALSE
	EndGlobalSection
	GlobalSection(ExtensibilityGlobals) = postSolution
		SolutionGuid = {3A705E46-1252-4A7A-82D7-40C8E07571A4}
	EndGlobalSection
EndGlobal
